
Microsoft Visual Studio Solution File, Format Version 12.00
# Visual Studio 15
Project("{FAE04EC0-301F-11D3-BF4B-00C04F79EFBC}") = "GammaForums", "GammaForums.csproj", "{FB944522-478A-4AA0-B0CE-2DDD4CAAD136}"
EndProject
Project("{FAE04EC0-301F-11D3-BF4B-00C04F79EFBC}") = "GammaForums.Data", "GammaForums.Data\GammaForums.Data.csproj", "{9382B44E-9955-4930-98FA-5A71A5A3B5D2}"
EndProject
Global
	GlobalSection(SolutionConfigurationPlatforms) = preSolution
		Debug|Any CPU = Debug|Any CPU
		Release|Any CPU = Release|Any CPU
	EndGlobalSection
	GlobalSection(ProjectConfigurationPlatforms) = postSolution
		{FB944522-478A-4AA0-B0CE-2DDD4CAAD136}.Debug|Any CPU.ActiveCfg = Debug|Any CPU
		{FB944522-478A-4AA0-B0CE-2DDD4CAAD136}.Debug|Any CPU.Build.0 = Debug|Any CPU
		{FB944522-478A-4AA0-B0CE-2DDD4CAAD136}.Release|Any CPU.ActiveCfg = Release|Any CPU
		{FB944522-478A-4AA0-B0CE-2DDD4CAAD136}.Release|Any CPU.Build.0 = Release|Any CPU
		{9382B44E-9955-4930-98FA-5A71A5A3B5D2}.Debug|Any CPU.ActiveCfg = Debug|Any CPU
		{9382B44E-9955-4930-98FA-5A71A5A3B5D2}.Debug|Any CPU.Build.0 = Debug|Any CPU
		{9382B44E-9955-4930-98FA-5A71A5A3B5D2}.Release|Any CPU.ActiveCfg = Release|Any CPU
		{9382B44E-9955-4930-98FA-5A71A5A3B5D2}.Release|Any CPU.Build.0 = Release|Any CPU
	EndGlobalSection
EndGlobal
